
Microsoft Visual Studio Solution File, Format Version 12.00
# Visual Studio Version 16
VisualStudioVersion = 16.0.33927.289
MinimumVisualStudioVersion = 10.0.40219.1
Project("{2150E333-8FDC-42A3-9474-1A3956D46DE8}") = "Task0", "Task0", "{E01EF6C7-195B-43E2-9DB6-1794D064FE2A}"
EndProject
Project("{FAE04EC0-301F-11D3-BF4B-00C04F79EFBC}") = "Tyuiu.PustobaevDO.Sprint5.Task0.V3", "Tyuiu.PustobaevDO.Sprint5.Task0.V3\Tyuiu.PustobaevDO.Sprint5.Task0.V3.csproj", "{E02B133E-8773-4226-AA67-702F45B719E4}"
EndProject
Project("{FAE04EC0-301F-11D3-BF4B-00C04F79EFBC}") = "Tyuiu.PustobaevDO.Sprint5.Task0.V3.Test", "Tyuiu.PustobaevDO.Sprint5.Task0.V3.Test\Tyuiu.PustobaevDO.Sprint5.Task0.V3.Test.csproj", "{B6435FC2-DCF8-4D3D-95CA-39E11BCE269D}"
EndProject
Project("{FAE04EC0-301F-11D3-BF4B-00C04F79EFBC}") = "Tyuiu.PustobaevDO.Sprint5.Task0.V3.Lib", "Tyuiu.PustobaevDO.Sprint5.Task0.V3.Lib\Tyuiu.PustobaevDO.Sprint5.Task0.V3.Lib.csproj", "{A4C09E9C-DD62-43C3-8AC7-D22C31A65872}"
EndProject
Project("{2150E333-8FDC-42A3-9474-1A3956D46DE8}") = "Task1", "Task1", "{14BF93BC-CC5C-49F7-849D-11F4AF9BC801}"
EndProject
Project("{FAE04EC0-301F-11D3-BF4B-00C04F79EFBC}") = "Tyuiu.PustobaevDO.Sprint5.Task1.V12", "Tyuiu.PustobaevDO.Sprint5.Task1.V12\Tyuiu.PustobaevDO.Sprint5.Task1.V12.csproj", "{83E7E73E-C6E6-4641-9722-FF4CCB7E4A8B}"
EndProject
Project("{FAE04EC0-301F-11D3-BF4B-00C04F79EFBC}") = "Tyuiu.PustobaevDO.Sprint5.Task1.V12.Lib", "Tyuiu.PustobaevDO.Sprint5.Task1.V12.Lib\Tyuiu.PustobaevDO.Sprint5.Task1.V12.Lib.csproj", "{FF757260-0F31-410C-81EE-4561BC14C87D}"
EndProject
Project("{FAE04EC0-301F-11D3-BF4B-00C04F79EFBC}") = "Tyuiu.PustobaevDO.Sprint5.Task1.V12.Test", "Tyuiu.PustobaevDO.Sprint5.Task1.V12.Test\Tyuiu.PustobaevDO.Sprint5.Task1.V12.Test.csproj", "{E5A69214-D55A-401F-9525-6E51A9EA1071}"
EndProject
Project("{2150E333-8FDC-42A3-9474-1A3956D46DE8}") = "Task2", "Task2", "{D8051EEB-758A-4798-AFEF-4E3C70291F00}"
EndProject
Project("{FAE04EC0-301F-11D3-BF4B-00C04F79EFBC}") = "Tyuiu.PustobaevDO.Sprint5.Task2.V20", "Tyuiu.PustobaevDO.Sprint5.Task2.V20\Tyuiu.PustobaevDO.Sprint5.Task2.V20.csproj", "{7F1D698E-169B-42CB-BF5E-E31E8A42CCCC}"
EndProject
Project("{FAE04EC0-301F-11D3-BF4B-00C04F79EFBC}") = "Tyuiu.PustobaevDO.Sprint5.Task2.V20.Test", "Tyuiu.PustobaevDO.Sprint5.Task2.V20.Test\Tyuiu.PustobaevDO.Sprint5.Task2.V20.Test.csproj", "{B2485904-7BB9-4287-90E2-225CA003E8FA}"
EndProject
Project("{FAE04EC0-301F-11D3-BF4B-00C04F79EFBC}") = "Tyuiu.PustobaevDO.Sprint5.Task2.V20.Lib", "Tyuiu.PustobaevDO.Sprint5.Task2.V20.Lib\Tyuiu.PustobaevDO.Sprint5.Task2.V20.Lib.csproj", "{20FAF951-AE94-4170-845B-DDBFC44DBB70}"
EndProject
Project("{2150E333-8FDC-42A3-9474-1A3956D46DE8}") = "Task3", "Task3", "{FDB6696C-4409-4113-B7FF-2BC45C0665ED}"
EndProject
Project("{FAE04EC0-301F-11D3-BF4B-00C04F79EFBC}") = "Tyuiu.PustobaevDO.Sprint5.Task3.V24", "Tyuiu.PustobaevDO.Sprint5.Task3.V24\Tyuiu.PustobaevDO.Sprint5.Task3.V24.csproj", "{B36CA5C3-0CC1-4446-B606-015D266B6219}"
EndProject
Project("{FAE04EC0-301F-11D3-BF4B-00C04F79EFBC}") = "Tyuiu.PustobaevDO.Sprint5.Task3.V24.Lib", "Tyuiu.PustobaevDO.Sprint5.Task3.V24.Lib\Tyuiu.PustobaevDO.Sprint5.Task3.V24.Lib.csproj", "{EDBA4C76-8FD0-4B15-A831-8BB2171FD0F9}"
EndProject
Project("{FAE04EC0-301F-11D3-BF4B-00C04F79EFBC}") = "Tyuiu.PustobaevDO.Sprint5.Task3.V24.Test", "Tyuiu.PustobaevDO.Sprint5.Task3.V24.Test\Tyuiu.PustobaevDO.Sprint5.Task3.V24.Test.csproj", "{E38FA9A9-1818-47ED-8F9F-9DB8708DF53F}"
EndProject
Project("{2150E333-8FDC-42A3-9474-1A3956D46DE8}") = "Task4", "Task4", "{451ECD62-5850-46FA-BE68-847276417570}"
EndProject
Project("{2150E333-8FDC-42A3-9474-1A3956D46DE8}") = "Task5", "Task5", "{00320BB2-57EB-4850-9EE1-3D8373586756}"
EndProject
Project("{2150E333-8FDC-42A3-9474-1A3956D46DE8}") = "Task6", "Task6", "{6AE21EF4-1228-43AB-BF04-40A17D22C181}"
EndProject
Project("{2150E333-8FDC-42A3-9474-1A3956D46DE8}") = "Task7", "Task7", "{DBF02495-DAA6-4895-97AC-89D4E219D337}"
EndProject
Project("{FAE04EC0-301F-11D3-BF4B-00C04F79EFBC}") = "Tyuiu.PustobaevDO.Sprint5.Task4.V4", "Tyuiu.PustobaevDO.Sprint5.Task4.V4\Tyuiu.PustobaevDO.Sprint5.Task4.V4.csproj", "{C4CD8287-04E1-4431-8B79-B89B67095DC5}"
EndProject
Project("{FAE04EC0-301F-11D3-BF4B-00C04F79EFBC}") = "Tyuiu.PustobaevDO.Sprint5.Task4.V4.Test", "Tyuiu.PustobaevDO.Sprint5.Task4.V4.Test\Tyuiu.PustobaevDO.Sprint5.Task4.V4.Test.csproj", "{2EC90F9D-BA37-4771-BC1C-F283E9FFC6CE}"
EndProject
Project("{FAE04EC0-301F-11D3-BF4B-00C04F79EFBC}") = "Tyuiu.PustobaevDO.Sprint5.Task4.V4.Lib", "Tyuiu.PustobaevDO.Sprint5.Task4.V4.Lib\Tyuiu.PustobaevDO.Sprint5.Task4.V4.Lib.csproj", "{E58D14F9-63AB-401B-8D4F-1858DE7E00B9}"
EndProject
Project("{FAE04EC0-301F-11D3-BF4B-00C04F79EFBC}") = "Tyuiu.PustobaevDO.Sprint5.Task5.V24", "Tyuiu.PustobaevDO.Sprint5.Task5.V24\Tyuiu.PustobaevDO.Sprint5.Task5.V24.csproj", "{1DD02B9D-D656-4777-815B-F30FBF9FDFC7}"
EndProject
Project("{FAE04EC0-301F-11D3-BF4B-00C04F79EFBC}") = "Tyuiu.PustobaevDO.Sprint5.Task5.V24.Lib", "Tyuiu.PustobaevDO.Sprint5.Task5.V24.Lib\Tyuiu.PustobaevDO.Sprint5.Task5.V24.Lib.csproj", "{CFA95561-9964-452A-BE3F-631C52FEC940}"
EndProject
Project("{FAE04EC0-301F-11D3-BF4B-00C04F79EFBC}") = "Tyuiu.PustobaevDO.Sprint5.Task5.V24.Test", "Tyuiu.PustobaevDO.Sprint5.Task5.V24.Test\Tyuiu.PustobaevDO.Sprint5.Task5.V24.Test.csproj", "{DAB157F2-CA2F-43E1-8665-E09F79C223C9}"
EndProject
Project("{FAE04EC0-301F-11D3-BF4B-00C04F79EFBC}") = "Tyuiu.PustobaevDO.Sprint5.Task6.V16", "Tyuiu.PustobaevDO.Sprint5.Task6.V16\Tyuiu.PustobaevDO.Sprint5.Task6.V16.csproj", "{42C67B27-F856-45B1-B079-5882F0E67744}"
EndProject
Project("{FAE04EC0-301F-11D3-BF4B-00C04F79EFBC}") = "Tyuiu.PustobaevDO.Sprint5.Task6.V16.Test", "Tyuiu.PustobaevDO.Sprint5.Task6.V16.Test\Tyuiu.PustobaevDO.Sprint5.Task6.V16.Test.csproj", "{AA567895-1203-4370-AABA-FE543C1EB81F}"
EndProject
Project("{FAE04EC0-301F-11D3-BF4B-00C04F79EFBC}") = "Tyuiu.PustobaevDO.Sprint5.Task6.V16.Lib", "Tyuiu.PustobaevDO.Sprint5.Task6.V16.Lib\Tyuiu.PustobaevDO.Sprint5.Task6.V16.Lib.csproj", "{58B7BCA5-60CC-4483-A36B-113A5E4B801C}"
EndProject
Project("{FAE04EC0-301F-11D3-BF4B-00C04F79EFBC}") = "Tyuiu.PustobaevDO.Sprint5.Task7.V24", "Tyuiu.PustobaevDO.Sprint5.Task7.V24\Tyuiu.PustobaevDO.Sprint5.Task7.V24.csproj", "{241F1596-5480-4117-9C54-50B5D5DA3B28}"
EndProject
Project("{FAE04EC0-301F-11D3-BF4B-00C04F79EFBC}") = "Tyuiu.PustobaevDO.Sprint5.Task7.V24.Lib", "Tyuiu.PustobaevDO.Sprint5.Task7.V24.Lib\Tyuiu.PustobaevDO.Sprint5.Task7.V24.Lib.csproj", "{026BE635-BF9E-4235-8F20-6285DA448D15}"
EndProject
Project("{FAE04EC0-301F-11D3-BF4B-00C04F79EFBC}") = "Tyuiu.PustobaevDO.Sprint5.Task7.V24.Test", "Tyuiu.PustobaevDO.Sprint5.Task7.V24.Test\Tyuiu.PustobaevDO.Sprint5.Task7.V24.Test.csproj", "{4D6096D3-8AA9-4C31-AA4D-3818645CAF43}"
EndProject
Global
	GlobalSection(SolutionConfigurationPlatforms) = preSolution
		Debug|Any CPU = Debug|Any CPU
		Release|Any CPU = Release|Any CPU
	EndGlobalSection
	GlobalSection(ProjectConfigurationPlatforms) = postSolution
		{E02B133E-8773-4226-AA67-702F45B719E4}.Debug|Any CPU.ActiveCfg = Debug|Any CPU
		{E02B133E-8773-4226-AA67-702F45B719E4}.Debug|Any CPU.Build.0 = Debug|Any CPU
		{E02B133E-8773-4226-AA67-702F45B719E4}.Release|Any CPU.ActiveCfg = Release|Any CPU
		{E02B133E-8773-4226-AA67-702F45B719E4}.Release|Any CPU.Build.0 = Release|Any CPU
		{B6435FC2-DCF8-4D3D-95CA-39E11BCE269D}.Debug|Any CPU.ActiveCfg = Debug|Any CPU
		{B6435FC2-DCF8-4D3D-95CA-39E11BCE269D}.Debug|Any CPU.Build.0 = Debug|Any CPU
		{B6435FC2-DCF8-4D3D-95CA-39E11BCE269D}.Release|Any CPU.ActiveCfg = Release|Any CPU
		{B6435FC2-DCF8-4D3D-95CA-39E11BCE269D}.Release|Any CPU.Build.0 = Release|Any CPU
		{A4C09E9C-DD62-43C3-8AC7-D22C31A65872}.Debug|Any CPU.ActiveCfg = Debug|Any CPU
		{A4C09E9C-DD62-43C3-8AC7-D22C31A65872}.Debug|Any CPU.Build.0 = Debug|Any CPU
		{A4C09E9C-DD62-43C3-8AC7-D22C31A65872}.Release|Any CPU.ActiveCfg = Release|Any CPU
		{A4C09E9C-DD62-43C3-8AC7-D22C31A65872}.Release|Any CPU.Build.0 = Release|Any CPU
		{83E7E73E-C6E6-4641-9722-FF4CCB7E4A8B}.Debug|Any CPU.ActiveCfg = Debug|Any CPU
		{83E7E73E-C6E6-4641-9722-FF4CCB7E4A8B}.Debug|Any CPU.Build.0 = Debug|Any CPU
		{83E7E73E-C6E6-4641-9722-FF4CCB7E4A8B}.Release|Any CPU.ActiveCfg = Release|Any CPU
		{83E7E73E-C6E6-4641-9722-FF4CCB7E4A8B}.Release|Any CPU.Build.0 = Release|Any CPU
		{FF757260-0F31-410C-81EE-4561BC14C87D}.Debug|Any CPU.ActiveCfg = Debug|Any CPU
		{FF757260-0F31-410C-81EE-4561BC14C87D}.Debug|Any CPU.Build.0 = Debug|Any CPU
		{FF757260-0F31-410C-81EE-4561BC14C87D}.Release|Any CPU.ActiveCfg = Release|Any CPU
		{FF757260-0F31-410C-81EE-4561BC14C87D}.Release|Any CPU.Build.0 = Release|Any CPU
		{E5A69214-D55A-401F-9525-6E51A9EA1071}.Debug|Any CPU.ActiveCfg = Debug|Any CPU
		{E5A69214-D55A-401F-9525-6E51A9EA1071}.Debug|Any CPU.Build.0 = Debug|Any CPU
		{E5A69214-D55A-401F-9525-6E51A9EA1071}.Release|Any CPU.ActiveCfg = Release|Any CPU
		{E5A69214-D55A-401F-9525-6E51A9EA1071}.Release|Any CPU.Build.0 = Release|Any CPU
		{7F1D698E-169B-42CB-BF5E-E31E8A42CCCC}.Debug|Any CPU.ActiveCfg = Debug|Any CPU
		{7F1D698E-169B-42CB-BF5E-E31E8A42CCCC}.Debug|Any CPU.Build.0 = Debug|Any CPU
		{7F1D698E-169B-42CB-BF5E-E31E8A42CCCC}.Release|Any CPU.ActiveCfg = Release|Any CPU
		{7F1D698E-169B-42CB-BF5E-E31E8A42CCCC}.Release|Any CPU.Build.0 = Release|Any CPU
		{B2485904-7BB9-4287-90E2-225CA003E8FA}.Debug|Any CPU.ActiveCfg = Debug|Any CPU
		{B2485904-7BB9-4287-90E2-225CA003E8FA}.Debug|Any CPU.Build.0 = Debug|Any CPU
		{B2485904-7BB9-4287-90E2-225CA003E8FA}.Release|Any CPU.ActiveCfg = Release|Any CPU
		{B2485904-7BB9-4287-90E2-225CA003E8FA}.Release|Any CPU.Build.0 = Release|Any CPU
		{20FAF951-AE94-4170-845B-DDBFC44DBB70}.Debug|Any CPU.ActiveCfg = Debug|Any CPU
		{20FAF951-AE94-4170-845B-DDBFC44DBB70}.Debug|Any CPU.Build.0 = Debug|Any CPU
		{20FAF951-AE94-4170-845B-DDBFC44DBB70}.Release|Any CPU.ActiveCfg = Release|Any CPU
		{20FAF951-AE94-4170-845B-DDBFC44DBB70}.Release|Any CPU.Build.0 = Release|Any CPU
		{B36CA5C3-0CC1-4446-B606-015D266B6219}.Debug|Any CPU.ActiveCfg = Debug|Any CPU
		{B36CA5C3-0CC1-4446-B606-015D266B6219}.Debug|Any CPU.Build.0 = Debug|Any CPU
		{B36CA5C3-0CC1-4446-B606-015D266B6219}.Release|Any CPU.ActiveCfg = Release|Any CPU
		{B36CA5C3-0CC1-4446-B606-015D266B6219}.Release|Any CPU.Build.0 = Release|Any CPU
		{EDBA4C76-8FD0-4B15-A831-8BB2171FD0F9}.Debug|Any CPU.ActiveCfg = Debug|Any CPU
		{EDBA4C76-8FD0-4B15-A831-8BB2171FD0F9}.Debug|Any CPU.Build.0 = Debug|Any CPU
		{EDBA4C76-8FD0-4B15-A831-8BB2171FD0F9}.Release|Any CPU.ActiveCfg = Release|Any CPU
		{EDBA4C76-8FD0-4B15-A831-8BB2171FD0F9}.Release|Any CPU.Build.0 = Release|Any CPU
		{E38FA9A9-1818-47ED-8F9F-9DB8708DF53F}.Debug|Any CPU.ActiveCfg = Debug|Any CPU
		{E38FA9A9-1818-47ED-8F9F-9DB8708DF53F}.Debug|Any CPU.Build.0 = Debug|Any CPU
		{E38FA9A9-1818-47ED-8F9F-9DB8708DF53F}.Release|Any CPU.ActiveCfg = Release|Any CPU
		{E38FA9A9-1818-47ED-8F9F-9DB8708DF53F}.Release|Any CPU.Build.0 = Release|Any CPU
		{C4CD8287-04E1-4431-8B79-B89B67095DC5}.Debug|Any CPU.ActiveCfg = Debug|Any CPU
		{C4CD8287-04E1-4431-8B79-B89B67095DC5}.Debug|Any CPU.Build.0 = Debug|Any CPU
		{C4CD8287-04E1-4431-8B79-B89B67095DC5}.Release|Any CPU.ActiveCfg = Release|Any CPU
		{C4CD8287-04E1-4431-8B79-B89B67095DC5}.Release|Any CPU.Build.0 = Release|Any CPU
		{2EC90F9D-BA37-4771-BC1C-F283E9FFC6CE}.Debug|Any CPU.ActiveCfg = Debug|Any CPU
		{2EC90F9D-BA37-4771-BC1C-F283E9FFC6CE}.Debug|Any CPU.Build.0 = Debug|Any CPU
		{2EC90F9D-BA37-4771-BC1C-F283E9FFC6CE}.Release|Any CPU.ActiveCfg = Release|Any CPU
		{2EC90F9D-BA37-4771-BC1C-F283E9FFC6CE}.Release|Any CPU.Build.0 = Release|Any CPU
		{E58D14F9-63AB-401B-8D4F-1858DE7E00B9}.Debug|Any CPU.ActiveCfg = Debug|Any CPU
		{E58D14F9-63AB-401B-8D4F-1858DE7E00B9}.Debug|Any CPU.Build.0 = Debug|Any CPU
		{E58D14F9-63AB-401B-8D4F-1858DE7E00B9}.Release|Any CPU.ActiveCfg = Release|Any CPU
		{E58D14F9-63AB-401B-8D4F-1858DE7E00B9}.Release|Any CPU.Build.0 = Release|Any CPU
		{1DD02B9D-D656-4777-815B-F30FBF9FDFC7}.Debug|Any CPU.ActiveCfg = Debug|Any CPU
		{1DD02B9D-D656-4777-815B-F30FBF9FDFC7}.Debug|Any CPU.Build.0 = Debug|Any CPU
		{1DD02B9D-D656-4777-815B-F30FBF9FDFC7}.Release|Any CPU.ActiveCfg = Release|Any CPU
		{1DD02B9D-D656-4777-815B-F30FBF9FDFC7}.Release|Any CPU.Build.0 = Release|Any CPU
		{CFA95561-9964-452A-BE3F-631C52FEC940}.Debug|Any CPU.ActiveCfg = Debug|Any CPU
		{CFA95561-9964-452A-BE3F-631C52FEC940}.Debug|Any CPU.Build.0 = Debug|Any CPU
		{CFA95561-9964-452A-BE3F-631C52FEC940}.Release|Any CPU.ActiveCfg = Release|Any CPU
		{CFA95561-9964-452A-BE3F-631C52FEC940}.Release|Any CPU.Build.0 = Release|Any CPU
		{DAB157F2-CA2F-43E1-8665-E09F79C223C9}.Debug|Any CPU.ActiveCfg = Debug|Any CPU
		{DAB157F2-CA2F-43E1-8665-E09F79C223C9}.Debug|Any CPU.Build.0 = Debug|Any CPU
		{DAB157F2-CA2F-43E1-8665-E09F79C223C9}.Release|Any CPU.ActiveCfg = Release|Any CPU
		{DAB157F2-CA2F-43E1-8665-E09F79C223C9}.Release|Any CPU.Build.0 = Release|Any CPU
		{42C67B27-F856-45B1-B079-5882F0E67744}.Debug|Any CPU.ActiveCfg = Debug|Any CPU
		{42C67B27-F856-45B1-B079-5882F0E67744}.Debug|Any CPU.Build.0 = Debug|Any CPU
		{42C67B27-F856-45B1-B079-5882F0E67744}.Release|Any CPU.ActiveCfg = Release|Any CPU
		{42C67B27-F856-45B1-B079-5882F0E67744}.Release|Any CPU.Build.0 = Release|Any CPU
		{AA567895-1203-4370-AABA-FE543C1EB81F}.Debug|Any CPU.ActiveCfg = Debug|Any CPU
		{AA567895-1203-4370-AABA-FE543C1EB81F}.Debug|Any CPU.Build.0 = Debug|Any CPU
		{AA567895-1203-4370-AABA-FE543C1EB81F}.Release|Any CPU.ActiveCfg = Release|Any CPU
		{AA567895-1203-4370-AABA-FE543C1EB81F}.Release|Any CPU.Build.0 = Release|Any CPU
		{58B7BCA5-60CC-4483-A36B-113A5E4B801C}.Debug|Any CPU.ActiveCfg = Debug|Any CPU
		{58B7BCA5-60CC-4483-A36B-113A5E4B801C}.Debug|Any CPU.Build.0 = Debug|Any CPU
		{58B7BCA5-60CC-4483-A36B-113A5E4B801C}.Release|Any CPU.ActiveCfg = Release|Any CPU
		{58B7BCA5-60CC-4483-A36B-113A5E4B801C}.Release|Any CPU.Build.0 = Release|Any CPU
		{241F1596-5480-4117-9C54-50B5D5DA3B28}.Debug|Any CPU.ActiveCfg = Debug|Any CPU
		{241F1596-5480-4117-9C54-50B5D5DA3B28}.Debug|Any CPU.Build.0 = Debug|Any CPU
		{241F1596-5480-4117-9C54-50B5D5DA3B28}.Release|Any CPU.ActiveCfg = Release|Any CPU
		{241F1596-5480-4117-9C54-50B5D5DA3B28}.Release|Any CPU.Build.0 = Release|Any CPU
		{026BE635-BF9E-4235-8F20-6285DA448D15}.Debug|Any CPU.ActiveCfg = Debug|Any CPU
		{026BE635-BF9E-4235-8F20-6285DA448D15}.Debug|Any CPU.Build.0 = Debug|Any CPU
		{026BE635-BF9E-4235-8F20-6285DA448D15}.Release|Any CPU.ActiveCfg = Release|Any CPU
		{026BE635-BF9E-4235-8F20-6285DA448D15}.Release|Any CPU.Build.0 = Release|Any CPU
		{4D6096D3-8AA9-4C31-AA4D-3818645CAF43}.Debug|Any CPU.ActiveCfg = Debug|Any CPU
		{4D6096D3-8AA9-4C31-AA4D-3818645CAF43}.Debug|Any CPU.Build.0 = Debug|Any CPU
		{4D6096D3-8AA9-4C31-AA4D-3818645CAF43}.Release|Any CPU.ActiveCfg = Release|Any CPU
		{4D6096D3-8AA9-4C31-AA4D-3818645CAF43}.Release|Any CPU.Build.0 = Release|Any CPU
	EndGlobalSection
	GlobalSection(SolutionProperties) = preSolution
		HideSolutionNode = FALSE
	EndGlobalSection
	GlobalSection(NestedProjects) = preSolution
		{E02B133E-8773-4226-AA67-702F45B719E4} = {E01EF6C7-195B-43E2-9DB6-1794D064FE2A}
		{B6435FC2-DCF8-4D3D-95CA-39E11BCE269D} = {E01EF6C7-195B-43E2-9DB6-1794D064FE2A}
		{A4C09E9C-DD62-43C3-8AC7-D22C31A65872} = {E01EF6C7-195B-43E2-9DB6-1794D064FE2A}
		{83E7E73E-C6E6-4641-9722-FF4CCB7E4A8B} = {14BF93BC-CC5C-49F7-849D-11F4AF9BC801}
		{FF757260-0F31-410C-81EE-4561BC14C87D} = {14BF93BC-CC5C-49F7-849D-11F4AF9BC801}
		{E5A69214-D55A-401F-9525-6E51A9EA1071} = {14BF93BC-CC5C-49F7-849D-11F4AF9BC801}
		{7F1D698E-169B-42CB-BF5E-E31E8A42CCCC} = {D8051EEB-758A-4798-AFEF-4E3C70291F00}
		{B2485904-7BB9-4287-90E2-225CA003E8FA} = {D8051EEB-758A-4798-AFEF-4E3C70291F00}
		{20FAF951-AE94-4170-845B-DDBFC44DBB70} = {D8051EEB-758A-4798-AFEF-4E3C70291F00}
		{B36CA5C3-0CC1-4446-B606-015D266B6219} = {FDB6696C-4409-4113-B7FF-2BC45C0665ED}
		{EDBA4C76-8FD0-4B15-A831-8BB2171FD0F9} = {FDB6696C-4409-4113-B7FF-2BC45C0665ED}
		{E38FA9A9-1818-47ED-8F9F-9DB8708DF53F} = {FDB6696C-4409-4113-B7FF-2BC45C0665ED}
		{C4CD8287-04E1-4431-8B79-B89B67095DC5} = {451ECD62-5850-46FA-BE68-847276417570}
		{2EC90F9D-BA37-4771-BC1C-F283E9FFC6CE} = {451ECD62-5850-46FA-BE68-847276417570}
		{E58D14F9-63AB-401B-8D4F-1858DE7E00B9} = {451ECD62-5850-46FA-BE68-847276417570}
		{1DD02B9D-D656-4777-815B-F30FBF9FDFC7} = {00320BB2-57EB-4850-9EE1-3D8373586756}
		{CFA95561-9964-452A-BE3F-631C52FEC940} = {00320BB2-57EB-4850-9EE1-3D8373586756}
		{DAB157F2-CA2F-43E1-8665-E09F79C223C9} = {00320BB2-57EB-4850-9EE1-3D8373586756}
		{42C67B27-F856-45B1-B079-5882F0E67744} = {6AE21EF4-1228-43AB-BF04-40A17D22C181}
		{AA567895-1203-4370-AABA-FE543C1EB81F} = {6AE21EF4-1228-43AB-BF04-40A17D22C181}
		{58B7BCA5-60CC-4483-A36B-113A5E4B801C} = {6AE21EF4-1228-43AB-BF04-40A17D22C181}
		{241F1596-5480-4117-9C54-50B5D5DA3B28} = {DBF02495-DAA6-4895-97AC-89D4E219D337}
		{026BE635-BF9E-4235-8F20-6285DA448D15} = {DBF02495-DAA6-4895-97AC-89D4E219D337}
		{4D6096D3-8AA9-4C31-AA4D-3818645CAF43} = {DBF02495-DAA6-4895-97AC-89D4E219D337}
	EndGlobalSection
	GlobalSection(ExtensibilityGlobals) = postSolution
		SolutionGuid = {1F6202DC-5F8A-45E6-A7DC-E5AD3E70EB91}
	EndGlobalSection
EndGlobal
